{
  "name": "spoopy.link",
  "version": "1.0.0",
  "lockfileVersion": 1,
  "dependencies": {
    "@types/node": {
      "version": "6.0.78",
      "resolved": "https://registry.npmjs.org/@types/node/-/node-6.0.78.tgz",
      "integrity": "sha512-+vD6E8ixntRzzZukoF3uP1iV+ZjVN3koTcaeK+BEoc/kSfGbLDIGC7RmCaUgVpUfN6cWvfczFRERCyKM9mkvXg=="
    },
    "parse5": {
      "version": "3.0.2",
      "resolved": "https://registry.npmjs.org/parse5/-/parse5-3.0.2.tgz",
      "integrity": "sha1-Be/1fw70V3+xRKefi5qWemzERRA="
    },
    "promise_util": {
      "version": "gist:15f2c9675c3faa9df0d63223e283ad35#dee5dca851ba87d74acb0245f591d2c963d287ce"
    },
    "snekfetch": {
      "version": "3.1.11",
      "resolved": "https://registry.npmjs.org/snekfetch/-/snekfetch-3.1.11.tgz",
      "integrity": "sha512-jC00Es/N1thVDpIV12Esfv7Ya0dfgwsWy7SILFB9oiHthARDcqmc5VX5bdNoWBci2M05Z0ZweGNt2Oue8YD3qQ=="
    }
  }
}
